# This file is automatically @generated by Cargo.
# It is not intended for manual editing.
version = 4

[[package]]
name = "emath"
version = "0.33.0"
source = "registry+https://github.com/rust-lang/crates.io-index"
checksum = "c615516cdceec867065f20d7db13d8eb8aedd65c9e32cc0c7c379380fa42e6e8"

[[package]]
name = "harmonica"
version = "0.1.0"
dependencies = [
 "emath",
]
